
Microsoft Visual Studio Solution File, Format Version 12.00
# Visual Studio Version 16
VisualStudioVersion = 16.0.32602.291
MinimumVisualStudioVersion = 10.0.40219.1
Project("{9A19103F-16F7-4668-BE54-9A1E7A4F7556}") = "LogAPI", "LogAPI\LogAPI.csproj", "{6E40A67C-3CEA-40A3-AAD2-E06621584FCE}"
EndProject
Global
	GlobalSection(SolutionConfigurationPlatforms) = preSolution
		Debug|Any CPU = Debug|Any CPU
		Release|Any CPU = Release|Any CPU
	EndGlobalSection
	GlobalSection(ProjectConfigurationPlatforms) = postSolution
		{6E40A67C-3CEA-40A3-AAD2-E06621584FCE}.Debug|Any CPU.ActiveCfg = Debug|Any CPU
		{6E40A67C-3CEA-40A3-AAD2-E06621584FCE}.Debug|Any CPU.Build.0 = Debug|Any CPU
		{6E40A67C-3CEA-40A3-AAD2-E06621584FCE}.Release|Any CPU.ActiveCfg = Release|Any CPU
		{6E40A67C-3CEA-40A3-AAD2-E06621584FCE}.Release|Any CPU.Build.0 = Release|Any CPU
	EndGlobalSection
	GlobalSection(SolutionProperties) = preSolution
		HideSolutionNode = FALSE
	EndGlobalSection
	GlobalSection(ExtensibilityGlobals) = postSolution
		SolutionGuid = {ECEC10E5-2AD4-4DBB-AD6A-976B0E7EC41E}
	EndGlobalSection
EndGlobal
